// !$*UTF8*$!
{
	archiveVersion = 1;
	classes = {
	};
	objectVersion = 55;
	objects = {

/* Begin PBXBuildFile section */
		B228E993278CAA0F00792F7E /* AddOffer.swift in Sources */ = {isa = PBXBuildFile; fileRef = B228E992278CAA0F00792F7E /* AddOffer.swift */; };
		B26FD14D2774CCD100E75FFC /* AppDelegate.swift in Sources */ = {isa = PBXBuildFile; fileRef = B26FD14C2774CCD100E75FFC /* AppDelegate.swift */; };
		B26FD14F2774CCD100E75FFC /* ContentView.swift in Sources */ = {isa = PBXBuildFile; fileRef = B26FD14E2774CCD100E75FFC /* ContentView.swift */; };
		B26FD1512774CCD100E75FFC /* Experience.rcproject in Sources */ = {isa = PBXBuildFile; fileRef = B26FD1502774CCD100E75FFC /* Experience.rcproject */; };
		B26FD1532774CCD300E75FFC /* Assets.xcassets in Resources */ = {isa = PBXBuildFile; fileRef = B26FD1522774CCD300E75FFC /* Assets.xcassets */; };
		B26FD1562774CCD300E75FFC /* Preview Assets.xcassets in Resources */ = {isa = PBXBuildFile; fileRef = B26FD1552774CCD300E75FFC /* Preview Assets.xcassets */; };
		B26FD15F2774CDF900E75FFC /* AboutUs.swift in Sources */ = {isa = PBXBuildFile; fileRef = B26FD15E2774CDF900E75FFC /* AboutUs.swift */; };
		B26FD1612774CE5C00E75FFC /* ARViewContainer.swift in Sources */ = {isa = PBXBuildFile; fileRef = B26FD1602774CE5C00E75FFC /* ARViewContainer.swift */; };
		B26FD1632774CE9F00E75FFC /* addProduct.swift in Sources */ = {isa = PBXBuildFile; fileRef = B26FD1622774CE9F00E75FFC /* addProduct.swift */; };
		B26FD1652774CECC00E75FFC /* changePassword.swift in Sources */ = {isa = PBXBuildFile; fileRef = B26FD1642774CECC00E75FFC /* changePassword.swift */; };
		B26FD1672774CEF700E75FFC /* ImagePicker.swift in Sources */ = {isa = PBXBuildFile; fileRef = B26FD1662774CEF700E75FFC /* ImagePicker.swift */; };
		B26FD1692774CF1F00E75FFC /* Login.swift in Sources */ = {isa = PBXBuildFile; fileRef = B26FD1682774CF1F00E75FFC /* Login.swift */; };
		B26FD16F2774CF8F00E75FFC /* MenuDetail.swift in Sources */ = {isa = PBXBuildFile; fileRef = B26FD16E2774CF8F00E75FFC /* MenuDetail.swift */; };
		B26FD1712774CFB000E75FFC /* MenuList.swift in Sources */ = {isa = PBXBuildFile; fileRef = B26FD1702774CFB000E75FFC /* MenuList.swift */; };
		B26FD1732774CFCC00E75FFC /* MenuRow.swift in Sources */ = {isa = PBXBuildFile; fileRef = B26FD1722774CFCC00E75FFC /* MenuRow.swift */; };
		B26FD1752774CFFB00E75FFC /* ModelData.swift in Sources */ = {isa = PBXBuildFile; fileRef = B26FD1742774CFFB00E75FFC /* ModelData.swift */; };
		B26FD1772774D01800E75FFC /* NutritionFacts.swift in Sources */ = {isa = PBXBuildFile; fileRef = B26FD1762774D01800E75FFC /* NutritionFacts.swift */; };
		B26FD1792774D02F00E75FFC /* Product.swift in Sources */ = {isa = PBXBuildFile; fileRef = B26FD1782774D02F00E75FFC /* Product.swift */; };
		B26FD17B2774D04600E75FFC /* Profile.swift in Sources */ = {isa = PBXBuildFile; fileRef = B26FD17A2774D04600E75FFC /* Profile.swift */; };
		B26FD17D2774D09700E75FFC /* User.swift in Sources */ = {isa = PBXBuildFile; fileRef = B26FD17C2774D09700E75FFC /* User.swift */; };
		B26FD17F2774D0D300E75FFC /* MainView.swift in Sources */ = {isa = PBXBuildFile; fileRef = B26FD17E2774D0D300E75FFC /* MainView.swift */; };
		B26FD1832774D18800E75FFC /* EuphoriaScript-Regular.ttf in Resources */ = {isa = PBXBuildFile; fileRef = B26FD1822774D18800E75FFC /* EuphoriaScript-Regular.ttf */; };
		B28EF5D1278CBBF500F5C944 /* SelectProducts.swift in Sources */ = {isa = PBXBuildFile; fileRef = B28EF5D0278CBBF500F5C944 /* SelectProducts.swift */; };
		B28EF5D3278DDEA800F5C944 /* SelectProductsRow.swift in Sources */ = {isa = PBXBuildFile; fileRef = B28EF5D2278DDEA800F5C944 /* SelectProductsRow.swift */; };
		B2A2F163278028A4001451B8 /* SelectAdditives.swift in Sources */ = {isa = PBXBuildFile; fileRef = B2A2F162278028A4001451B8 /* SelectAdditives.swift */; };
		B2C438BC2780DC1900B8F96F /* Category.swift in Sources */ = {isa = PBXBuildFile; fileRef = B2C438BB2780DC1900B8F96F /* Category.swift */; };
		B2D39D0E2784BB4A009B5D25 /* OfferColumn.swift in Sources */ = {isa = PBXBuildFile; fileRef = B2D39D0D2784BB4A009B5D25 /* OfferColumn.swift */; };
		B2D39D102784C34F009B5D25 /* Offer.swift in Sources */ = {isa = PBXBuildFile; fileRef = B2D39D0F2784C34F009B5D25 /* Offer.swift */; };
		B2D39D122784CB17009B5D25 /* OfferDetail.swift in Sources */ = {isa = PBXBuildFile; fileRef = B2D39D112784CB17009B5D25 /* OfferDetail.swift */; };
		B2FC34A9277CD87E004092F6 /* Allergen.swift in Sources */ = {isa = PBXBuildFile; fileRef = B2FC34A8277CD87E004092F6 /* Allergen.swift */; };
		B2FC34AB277CD8B0004092F6 /* Additive.swift in Sources */ = {isa = PBXBuildFile; fileRef = B2FC34AA277CD8B0004092F6 /* Additive.swift */; };
		B2FC34AF277E2409004092F6 /* SelectAllergens.swift in Sources */ = {isa = PBXBuildFile; fileRef = B2FC34AE277E2409004092F6 /* SelectAllergens.swift */; };
/* End PBXBuildFile section */

/* Begin PBXFileReference section */
		B228E992278CAA0F00792F7E /* AddOffer.swift */ = {isa = PBXFileReference; lastKnownFileType = sourcecode.swift; path = AddOffer.swift; sourceTree = "<group>"; };
		B26FD1492774CCD100E75FFC /* ARMenu.app */ = {isa = PBXFileReference; explicitFileType = wrapper.application; includeInIndex = 0; path = ARMenu.app; sourceTree = BUILT_PRODUCTS_DIR; };
		B26FD14C2774CCD100E75FFC /* AppDelegate.swift */ = {isa = PBXFileReference; lastKnownFileType = sourcecode.swift; path = AppDelegate.swift; sourceTree = "<group>"; };
		B26FD14E2774CCD100E75FFC /* ContentView.swift */ = {isa = PBXFileReference; lastKnownFileType = sourcecode.swift; path = ContentView.swift; sourceTree = "<group>"; };
		B26FD1502774CCD100E75FFC /* Experience.rcproject */ = {isa = PBXFileReference; lastKnownFileType = file.rcproject; path = Experience.rcproject; sourceTree = "<group>"; };
		B26FD1522774CCD300E75FFC /* Assets.xcassets */ = {isa = PBXFileReference; lastKnownFileType = folder.assetcatalog; path = Assets.xcassets; sourceTree = "<group>"; };
		B26FD1552774CCD300E75FFC /* Preview Assets.xcassets */ = {isa = PBXFileReference; lastKnownFileType = folder.assetcatalog; path = "Preview Assets.xcassets"; sourceTree = "<group>"; };
		B26FD15E2774CDF900E75FFC /* AboutUs.swift */ = {isa = PBXFileReference; lastKnownFileType = sourcecode.swift; path = AboutUs.swift; sourceTree = "<group>"; };
		B26FD1602774CE5C00E75FFC /* ARViewContainer.swift */ = {isa = PBXFileReference; lastKnownFileType = sourcecode.swift; path = ARViewContainer.swift; sourceTree = "<group>"; };
		B26FD1622774CE9F00E75FFC /* addProduct.swift */ = {isa = PBXFileReference; lastKnownFileType = sourcecode.swift; path = addProduct.swift; sourceTree = "<group>"; };
		B26FD1642774CECC00E75FFC /* changePassword.swift */ = {isa = PBXFileReference; lastKnownFileType = sourcecode.swift; path = changePassword.swift; sourceTree = "<group>"; };
		B26FD1662774CEF700E75FFC /* ImagePicker.swift */ = {isa = PBXFileReference; lastKnownFileType = sourcecode.swift; path = ImagePicker.swift; sourceTree = "<group>"; };
		B26FD1682774CF1F00E75FFC /* Login.swift */ = {isa = PBXFileReference; lastKnownFileType = sourcecode.swift; path = Login.swift; sourceTree = "<group>"; };
		B26FD16E2774CF8F00E75FFC /* MenuDetail.swift */ = {isa = PBXFileReference; lastKnownFileType = sourcecode.swift; path = MenuDetail.swift; sourceTree = "<group>"; };
		B26FD1702774CFB000E75FFC /* MenuList.swift */ = {isa = PBXFileReference; lastKnownFileType = sourcecode.swift; path = MenuList.swift; sourceTree = "<group>"; };
		B26FD1722774CFCC00E75FFC /* MenuRow.swift */ = {isa = PBXFileReference; lastKnownFileType = sourcecode.swift; path = MenuRow.swift; sourceTree = "<group>"; };
		B26FD1742774CFFB00E75FFC /* ModelData.swift */ = {isa = PBXFileReference; lastKnownFileType = sourcecode.swift; path = ModelData.swift; sourceTree = "<group>"; };
		B26FD1762774D01800E75FFC /* NutritionFacts.swift */ = {isa = PBXFileReference; lastKnownFileType = sourcecode.swift; path = NutritionFacts.swift; sourceTree = "<group>"; };
		B26FD1782774D02F00E75FFC /* Product.swift */ = {isa = PBXFileReference; lastKnownFileType = sourcecode.swift; path = Product.swift; sourceTree = "<group>"; };
		B26FD17A2774D04600E75FFC /* Profile.swift */ = {isa = PBXFileReference; lastKnownFileType = sourcecode.swift; path = Profile.swift; sourceTree = "<group>"; };
		B26FD17C2774D09700E75FFC /* User.swift */ = {isa = PBXFileReference; lastKnownFileType = sourcecode.swift; path = User.swift; sourceTree = "<group>"; };
		B26FD17E2774D0D300E75FFC /* MainView.swift */ = {isa = PBXFileReference; lastKnownFileType = sourcecode.swift; path = MainView.swift; sourceTree = "<group>"; };
		B26FD1822774D18800E75FFC /* EuphoriaScript-Regular.ttf */ = {isa = PBXFileReference; lastKnownFileType = file; path = "EuphoriaScript-Regular.ttf"; sourceTree = "<group>"; };
		B26FD1842774D19B00E75FFC /* Info.plist */ = {isa = PBXFileReference; lastKnownFileType = text.plist; path = Info.plist; sourceTree = "<group>"; };
		B28EF5D0278CBBF500F5C944 /* SelectProducts.swift */ = {isa = PBXFileReference; lastKnownFileType = sourcecode.swift; path = SelectProducts.swift; sourceTree = "<group>"; };
		B28EF5D2278DDEA800F5C944 /* SelectProductsRow.swift */ = {isa = PBXFileReference; lastKnownFileType = sourcecode.swift; path = SelectProductsRow.swift; sourceTree = "<group>"; };
		B2A2F162278028A4001451B8 /* SelectAdditives.swift */ = {isa = PBXFileReference; lastKnownFileType = sourcecode.swift; path = SelectAdditives.swift; sourceTree = "<group>"; };
		B2C438BB2780DC1900B8F96F /* Category.swift */ = {isa = PBXFileReference; lastKnownFileType = sourcecode.swift; path = Category.swift; sourceTree = "<group>"; };
		B2D39D0D2784BB4A009B5D25 /* OfferColumn.swift */ = {isa = PBXFileReference; lastKnownFileType = sourcecode.swift; path = OfferColumn.swift; sourceTree = "<group>"; };
		B2D39D0F2784C34F009B5D25 /* Offer.swift */ = {isa = PBXFileReference; lastKnownFileType = sourcecode.swift; path = Offer.swift; sourceTree = "<group>"; };
		B2D39D112784CB17009B5D25 /* OfferDetail.swift */ = {isa = PBXFileReference; lastKnownFileType = sourcecode.swift; path = OfferDetail.swift; sourceTree = "<group>"; };
		B2FC34A8277CD87E004092F6 /* Allergen.swift */ = {isa = PBXFileReference; lastKnownFileType = sourcecode.swift; path = Allergen.swift; sourceTree = "<group>"; };
		B2FC34AA277CD8B0004092F6 /* Additive.swift */ = {isa = PBXFileReference; lastKnownFileType = sourcecode.swift; path = Additive.swift; sourceTree = "<group>"; };
		B2FC34AE277E2409004092F6 /* SelectAllergens.swift */ = {isa = PBXFileReference; lastKnownFileType = sourcecode.swift; path = SelectAllergens.swift; sourceTree = "<group>"; };
/* End PBXFileReference section */

/* Begin PBXFrameworksBuildPhase section */
		B26FD1462774CCD100E75FFC /* Frameworks */ = {
			isa = PBXFrameworksBuildPhase;
			buildActionMask = 2147483647;
			files = (
			);
			runOnlyForDeploymentPostprocessing = 0;
		};
/* End PBXFrameworksBuildPhase section */

/* Begin PBXGroup section */
		B26FD1402774CCD100E75FFC = {
			isa = PBXGroup;
			children = (
				B26FD14B2774CCD100E75FFC /* ARMenu */,
				B26FD14A2774CCD100E75FFC /* Products */,
			);
			sourceTree = "<group>";
		};
		B26FD14A2774CCD100E75FFC /* Products */ = {
			isa = PBXGroup;
			children = (
				B26FD1492774CCD100E75FFC /* ARMenu.app */,
			);
			name = Products;
			sourceTree = "<group>";
		};
		B26FD14B2774CCD100E75FFC /* ARMenu */ = {
			isa = PBXGroup;
			children = (
				B26FD1842774D19B00E75FFC /* Info.plist */,
				B26FD14C2774CCD100E75FFC /* AppDelegate.swift */,
				B26FD1812774D18800E75FFC /* Euphoria_Script */,
				B26FD1802774D11600E75FFC /* Views */,
				B2FC34B5277F51D3004092F6 /* Models */,
				B26FD1502774CCD100E75FFC /* Experience.rcproject */,
				B26FD1522774CCD300E75FFC /* Assets.xcassets */,
				B26FD1542774CCD300E75FFC /* Preview Content */,
			);
			path = ARMenu;
			sourceTree = "<group>";
		};
		B26FD1542774CCD300E75FFC /* Preview Content */ = {
			isa = PBXGroup;
			children = (
				B26FD1552774CCD300E75FFC /* Preview Assets.xcassets */,
			);
			path = "Preview Content";
			sourceTree = "<group>";
		};
		B26FD1802774D11600E75FFC /* Views */ = {
			isa = PBXGroup;
			children = (
				B2FC34B2277F5175004092F6 /* Login */,
				B2FC34B3277F5187004092F6 /* Main Menu */,
			);
			path = Views;
			sourceTree = "<group>";
		};
		B26FD1812774D18800E75FFC /* Euphoria_Script */ = {
			isa = PBXGroup;
			children = (
				B26FD1822774D18800E75FFC /* EuphoriaScript-Regular.ttf */,
			);
			path = Euphoria_Script;
			sourceTree = "<group>";
		};
		B28EF5D4278DF65100F5C944 /* Add Product */ = {
			isa = PBXGroup;
			children = (
				B26FD1622774CE9F00E75FFC /* addProduct.swift */,
				B26FD1662774CEF700E75FFC /* ImagePicker.swift */,
				B2A2F162278028A4001451B8 /* SelectAdditives.swift */,
				B2FC34AE277E2409004092F6 /* SelectAllergens.swift */,
			);
			path = "Add Product";
			sourceTree = "<group>";
		};
		B28EF5D5278DF66C00F5C944 /* Add Offer */ = {
			isa = PBXGroup;
			children = (
				B228E992278CAA0F00792F7E /* AddOffer.swift */,
				B28EF5D0278CBBF500F5C944 /* SelectProducts.swift */,
				B28EF5D2278DDEA800F5C944 /* SelectProductsRow.swift */,
			);
			path = "Add Offer";
			sourceTree = "<group>";
		};
		B2FC34B0277F513A004092F6 /* Menu */ = {
			isa = PBXGroup;
			children = (
				B26FD1702774CFB000E75FFC /* MenuList.swift */,
				B28EF5D5278DF66C00F5C944 /* Add Offer */,
				B2D39D0D2784BB4A009B5D25 /* OfferColumn.swift */,
				B28EF5D4278DF65100F5C944 /* Add Product */,
				B26FD16E2774CF8F00E75FFC /* MenuDetail.swift */,
				B2D39D112784CB17009B5D25 /* OfferDetail.swift */,
				B26FD1722774CFCC00E75FFC /* MenuRow.swift */,
				B26FD1602774CE5C00E75FFC /* ARViewContainer.swift */,
			);
			path = Menu;
			sourceTree = "<group>";
		};
		B2FC34B1277F5147004092F6 /* Profile */ = {
			isa = PBXGroup;
			children = (
				B26FD17A2774D04600E75FFC /* Profile.swift */,
				B26FD1642774CECC00E75FFC /* changePassword.swift */,
			);
			path = Profile;
			sourceTree = "<group>";
		};
		B2FC34B2277F5175004092F6 /* Login */ = {
			isa = PBXGroup;
			children = (
				B26FD14E2774CCD100E75FFC /* ContentView.swift */,
				B26FD1682774CF1F00E75FFC /* Login.swift */,
			);
			path = Login;
			sourceTree = "<group>";
		};
		B2FC34B3277F5187004092F6 /* Main Menu */ = {
			isa = PBXGroup;
			children = (
				B26FD17E2774D0D300E75FFC /* MainView.swift */,
				B2FC34B4277F51C1004092F6 /* Info */,
				B2FC34B0277F513A004092F6 /* Menu */,
				B2FC34B1277F5147004092F6 /* Profile */,
			);
			path = "Main Menu";
			sourceTree = "<group>";
		};
		B2FC34B4277F51C1004092F6 /* Info */ = {
			isa = PBXGroup;
			children = (
				B26FD15E2774CDF900E75FFC /* AboutUs.swift */,
			);
			path = Info;
			sourceTree = "<group>";
		};
		B2FC34B5277F51D3004092F6 /* Models */ = {
			isa = PBXGroup;
			children = (
				B2C438BB2780DC1900B8F96F /* Category.swift */,
				B2D39D0F2784C34F009B5D25 /* Offer.swift */,
				B26FD1742774CFFB00E75FFC /* ModelData.swift */,
				B2FC34A8277CD87E004092F6 /* Allergen.swift */,
				B2FC34AA277CD8B0004092F6 /* Additive.swift */,
				B26FD1762774D01800E75FFC /* NutritionFacts.swift */,
				B26FD1782774D02F00E75FFC /* Product.swift */,
				B26FD17C2774D09700E75FFC /* User.swift */,
			);
			path = Models;
			sourceTree = "<group>";
		};
/* End PBXGroup section */

/* Begin PBXNativeTarget section */
		B26FD1482774CCD100E75FFC /* ARMenu */ = {
			isa = PBXNativeTarget;
			buildConfigurationList = B26FD1592774CCD300E75FFC /* Build configuration list for PBXNativeTarget "ARMenu" */;
			buildPhases = (
				B26FD1452774CCD100E75FFC /* Sources */,
				B26FD1462774CCD100E75FFC /* Frameworks */,
				B26FD1472774CCD100E75FFC /* Resources */,
			);
			buildRules = (
			);
			dependencies = (
			);
			name = ARMenu;
			productName = ARMenu;
			productReference = B26FD1492774CCD100E75FFC /* ARMenu.app */;
			productType = "com.apple.product-type.application";
		};
/* End PBXNativeTarget section */

/* Begin PBXProject section */
		B26FD1412774CCD100E75FFC /* Project object */ = {
			isa = PBXProject;
			attributes = {
				BuildIndependentTargetsInParallel = 1;
				LastSwiftUpdateCheck = 1310;
				LastUpgradeCheck = 1310;
				TargetAttributes = {
					B26FD1482774CCD100E75FFC = {
						CreatedOnToolsVersion = 13.1;
					};
				};
			};
			buildConfigurationList = B26FD1442774CCD100E75FFC /* Build configuration list for PBXProject "ARMenu" */;
			compatibilityVersion = "Xcode 13.0";
			developmentRegion = en;
			hasScannedForEncodings = 0;
			knownRegions = (
				en,
				Base,
			);
			mainGroup = B26FD1402774CCD100E75FFC;
			productRefGroup = B26FD14A2774CCD100E75FFC /* Products */;
			projectDirPath = "";
			projectRoot = "";
			targets = (
				B26FD1482774CCD100E75FFC /* ARMenu */,
			);
		};
/* End PBXProject section */

/* Begin PBXResourcesBuildPhase section */
		B26FD1472774CCD100E75FFC /* Resources */ = {
			isa = PBXResourcesBuildPhase;
			buildActionMask = 2147483647;
			files = (
				B26FD1562774CCD300E75FFC /* Preview Assets.xcassets in Resources */,
				B26FD1532774CCD300E75FFC /* Assets.xcassets in Resources */,
				B26FD1832774D18800E75FFC /* EuphoriaScript-Regular.ttf in Resources */,
			);
			runOnlyForDeploymentPostprocessing = 0;
		};
/* End PBXResourcesBuildPhase section */

/* Begin PBXSourcesBuildPhase section */
		B26FD1452774CCD100E75FFC /* Sources */ = {
			isa = PBXSourcesBuildPhase;
			buildActionMask = 2147483647;
			files = (
				B2D39D0E2784BB4A009B5D25 /* OfferColumn.swift in Sources */,
				B26FD17B2774D04600E75FFC /* Profile.swift in Sources */,
				B26FD17F2774D0D300E75FFC /* MainView.swift in Sources */,
				B26FD16F2774CF8F00E75FFC /* MenuDetail.swift in Sources */,
				B28EF5D3278DDEA800F5C944 /* SelectProductsRow.swift in Sources */,
				B26FD14F2774CCD100E75FFC /* ContentView.swift in Sources */,
				B26FD14D2774CCD100E75FFC /* AppDelegate.swift in Sources */,
				B26FD1652774CECC00E75FFC /* changePassword.swift in Sources */,
				B28EF5D1278CBBF500F5C944 /* SelectProducts.swift in Sources */,
				B26FD15F2774CDF900E75FFC /* AboutUs.swift in Sources */,
				B2FC34AB277CD8B0004092F6 /* Additive.swift in Sources */,
				B2D39D122784CB17009B5D25 /* OfferDetail.swift in Sources */,
				B26FD1732774CFCC00E75FFC /* MenuRow.swift in Sources */,
				B2A2F163278028A4001451B8 /* SelectAdditives.swift in Sources */,
				B26FD1512774CCD100E75FFC /* Experience.rcproject in Sources */,
				B26FD1672774CEF700E75FFC /* ImagePicker.swift in Sources */,
				B228E993278CAA0F00792F7E /* AddOffer.swift in Sources */,
				B26FD1792774D02F00E75FFC /* Product.swift in Sources */,
				B2D39D102784C34F009B5D25 /* Offer.swift in Sources */,
				B2FC34A9277CD87E004092F6 /* Allergen.swift in Sources */,
				B2C438BC2780DC1900B8F96F /* Category.swift in Sources */,
				B26FD1692774CF1F00E75FFC /* Login.swift in Sources */,
				B26FD1772774D01800E75FFC /* NutritionFacts.swift in Sources */,
				B26FD1612774CE5C00E75FFC /* ARViewContainer.swift in Sources */,
				B26FD17D2774D09700E75FFC /* User.swift in Sources */,
				B26FD1712774CFB000E75FFC /* MenuList.swift in Sources */,
				B2FC34AF277E2409004092F6 /* SelectAllergens.swift in Sources */,
				B26FD1632774CE9F00E75FFC /* addProduct.swift in Sources */,
				B26FD1752774CFFB00E75FFC /* ModelData.swift in Sources */,
			);
			runOnlyForDeploymentPostprocessing = 0;
		};
/* End PBXSourcesBuildPhase section */

/* Begin XCBuildConfiguration section */
		B26FD1572774CCD300E75FFC /* Debug */ = {
			isa = XCBuildConfiguration;
			buildSettings = {
				ALWAYS_SEARCH_USER_PATHS = NO;
				CLANG_ANALYZER_NONNULL = YES;
				CLANG_ANALYZER_NUMBER_OBJECT_CONVERSION = YES_AGGRESSIVE;
				CLANG_CXX_LANGUAGE_STANDARD = "gnu++17";
				CLANG_CXX_LIBRARY = "libc++";
				CLANG_ENABLE_MODULES = YES;
				CLANG_ENABLE_OBJC_ARC = YES;
				CLANG_ENABLE_OBJC_WEAK = YES;
				CLANG_WARN_BLOCK_CAPTURE_AUTORELEASING = YES;
				CLANG_WARN_BOOL_CONVERSION = YES;
				CLANG_WARN_COMMA = YES;
				CLANG_WARN_CONSTANT_CONVERSION = YES;
				CLANG_WARN_DEPRECATED_OBJC_IMPLEMENTATIONS = YES;
				CLANG_WARN_DIRECT_OBJC_ISA_USAGE = YES_ERROR;
				CLANG_WARN_DOCUMENTATION_COMMENTS = YES;
				CLANG_WARN_EMPTY_BODY = YES;
				CLANG_WARN_ENUM_CONVERSION = YES;
				CLANG_WARN_INFINITE_RECURSION = YES;
				CLANG_WARN_INT_CONVERSION = YES;
				CLANG_WARN_NON_LITERAL_NULL_CONVERSION = YES;
				CLANG_WARN_OBJC_IMPLICIT_RETAIN_SELF = YES;
				CLANG_WARN_OBJC_LITERAL_CONVERSION = YES;
				CLANG_WARN_OBJC_ROOT_CLASS = YES_ERROR;
				CLANG_WARN_QUOTED_INCLUDE_IN_FRAMEWORK_HEADER = YES;
				CLANG_WARN_RANGE_LOOP_ANALYSIS = YES;
				CLANG_WARN_STRICT_PROTOTYPES = YES;
				CLANG_WARN_SUSPICIOUS_MOVE = YES;
				CLANG_WARN_UNGUARDED_AVAILABILITY = YES_AGGRESSIVE;
				CLANG_WARN_UNREACHABLE_CODE = YES;
				CLANG_WARN__DUPLICATE_METHOD_MATCH = YES;
				COPY_PHASE_STRIP = NO;
				DEBUG_INFORMATION_FORMAT = dwarf;
				ENABLE_STRICT_OBJC_MSGSEND = YES;
				ENABLE_TESTABILITY = YES;
				GCC_C_LANGUAGE_STANDARD = gnu11;
				GCC_DYNAMIC_NO_PIC = NO;
				GCC_NO_COMMON_BLOCKS = YES;
				GCC_OPTIMIZATION_LEVEL = 0;
				GCC_PREPROCESSOR_DEFINITIONS = (
					"DEBUG=1",
					"$(inherited)",
				);
				GCC_WARN_64_TO_32_BIT_CONVERSION = YES;
				GCC_WARN_ABOUT_RETURN_TYPE = YES_ERROR;
				GCC_WARN_UNDECLARED_SELECTOR = YES;
				GCC_WARN_UNINITIALIZED_AUTOS = YES_AGGRESSIVE;
				GCC_WARN_UNUSED_FUNCTION = YES;
				GCC_WARN_UNUSED_VARIABLE = YES;
				IPHONEOS_DEPLOYMENT_TARGET = 15.0;
				MTL_ENABLE_DEBUG_INFO = INCLUDE_SOURCE;
				MTL_FAST_MATH = YES;
				ONLY_ACTIVE_ARCH = YES;
				SDKROOT = iphoneos;
				SWIFT_ACTIVE_COMPILATION_CONDITIONS = DEBUG;
				SWIFT_OPTIMIZATION_LEVEL = "-Onone";
			};
			name = Debug;
		};
		B26FD1582774CCD300E75FFC /* Release */ = {
			isa = XCBuildConfiguration;
			buildSettings = {
				ALWAYS_SEARCH_USER_PATHS = NO;
				CLANG_ANALYZER_NONNULL = YES;
				CLANG_ANALYZER_NUMBER_OBJECT_CONVERSION = YES_AGGRESSIVE;
				CLANG_CXX_LANGUAGE_STANDARD = "gnu++17";
				CLANG_CXX_LIBRARY = "libc++";
				CLANG_ENABLE_MODULES = YES;
				CLANG_ENABLE_OBJC_ARC = YES;
				CLANG_ENABLE_OBJC_WEAK = YES;
				CLANG_WARN_BLOCK_CAPTURE_AUTORELEASING = YES;
				CLANG_WARN_BOOL_CONVERSION = YES;
				CLANG_WARN_COMMA = YES;
				CLANG_WARN_CONSTANT_CONVERSION = YES;
				CLANG_WARN_DEPRECATED_OBJC_IMPLEMENTATIONS = YES;
				CLANG_WARN_DIRECT_OBJC_ISA_USAGE = YES_ERROR;
				CLANG_WARN_DOCUMENTATION_COMMENTS = YES;
				CLANG_WARN_EMPTY_BODY = YES;
				CLANG_WARN_ENUM_CONVERSION = YES;
				CLANG_WARN_INFINITE_RECURSION = YES;
				CLANG_WARN_INT_CONVERSION = YES;
				CLANG_WARN_NON_LITERAL_NULL_CONVERSION = YES;
				CLANG_WARN_OBJC_IMPLICIT_RETAIN_SELF = YES;
				CLANG_WARN_OBJC_LITERAL_CONVERSION = YES;
				CLANG_WARN_OBJC_ROOT_CLASS = YES_ERROR;
				CLANG_WARN_QUOTED_INCLUDE_IN_FRAMEWORK_HEADER = YES;
				CLANG_WARN_RANGE_LOOP_ANALYSIS = YES;
				CLANG_WARN_STRICT_PROTOTYPES = YES;
				CLANG_WARN_SUSPICIOUS_MOVE = YES;
				CLANG_WARN_UNGUARDED_AVAILABILITY = YES_AGGRESSIVE;
				CLANG_WARN_UNREACHABLE_CODE = YES;
				CLANG_WARN__DUPLICATE_METHOD_MATCH = YES;
				COPY_PHASE_STRIP = NO;
				DEBUG_INFORMATION_FORMAT = "dwarf-with-dsym";
				ENABLE_NS_ASSERTIONS = NO;
				ENABLE_STRICT_OBJC_MSGSEND = YES;
				GCC_C_LANGUAGE_STANDARD = gnu11;
				GCC_NO_COMMON_BLOCKS = YES;
				GCC_WARN_64_TO_32_BIT_CONVERSION = YES;
				GCC_WARN_ABOUT_RETURN_TYPE = YES_ERROR;
				GCC_WARN_UNDECLARED_SELECTOR = YES;
				GCC_WARN_UNINITIALIZED_AUTOS = YES_AGGRESSIVE;
				GCC_WARN_UNUSED_FUNCTION = YES;
				GCC_WARN_UNUSED_VARIABLE = YES;
				IPHONEOS_DEPLOYMENT_TARGET = 15.0;
				MTL_ENABLE_DEBUG_INFO = NO;
				MTL_FAST_MATH = YES;
				SDKROOT = iphoneos;
				SWIFT_COMPILATION_MODE = wholemodule;
				SWIFT_OPTIMIZATION_LEVEL = "-O";
				VALIDATE_PRODUCT = YES;
			};
			name = Release;
		};
		B26FD15A2774CCD300E75FFC /* Debug */ = {
			isa = XCBuildConfiguration;
			buildSettings = {
				ASSETCATALOG_COMPILER_APPICON_NAME = AppIcon;
				ASSETCATALOG_COMPILER_GLOBAL_ACCENT_COLOR_NAME = AccentColor;
				CODE_SIGN_STYLE = Automatic;
				CURRENT_PROJECT_VERSION = 1;
				DEVELOPMENT_ASSET_PATHS = "\"ARMenu/Preview Content\"";
				DEVELOPMENT_TEAM = J2GM3L467Q;
				ENABLE_PREVIEWS = YES;
				GENERATE_INFOPLIST_FILE = YES;
				INFOPLIST_FILE = ARMenu/Info.plist;
				INFOPLIST_KEY_NSCameraUsageDescription = "";
				INFOPLIST_KEY_UIApplicationSupportsIndirectInputEvents = YES;
				INFOPLIST_KEY_UILaunchScreen_Generation = YES;
				INFOPLIST_KEY_UIRequiredDeviceCapabilities = arkit;
				INFOPLIST_KEY_UIStatusBarHidden = YES;
				INFOPLIST_KEY_UISupportedInterfaceOrientations_iPad = "UIInterfaceOrientationPortrait UIInterfaceOrientationPortraitUpsideDown UIInterfaceOrientationLandscapeLeft UIInterfaceOrientationLandscapeRight";
				INFOPLIST_KEY_UISupportedInterfaceOrientations_iPhone = "UIInterfaceOrientationPortrait UIInterfaceOrientationLandscapeLeft UIInterfaceOrientationLandscapeRight";
				LD_RUNPATH_SEARCH_PATHS = (
					"$(inherited)",
					"@executable_path/Frameworks",
				);
				MARKETING_VERSION = 1.0;
				PRODUCT_BUNDLE_IDENTIFIER = com.jeffnawroth.ARMenu;
				PRODUCT_NAME = "$(TARGET_NAME)";
				SWIFT_EMIT_LOC_STRINGS = YES;
				SWIFT_VERSION = 5.0;
				TARGETED_DEVICE_FAMILY = "1,2";
			};
			name = Debug;
		};
		B26FD15B2774CCD300E75FFC /* Release */ = {
			isa = XCBuildConfiguration;
			buildSettings = {
				ASSETCATALOG_COMPILER_APPICON_NAME = AppIcon;
				ASSETCATALOG_COMPILER_GLOBAL_ACCENT_COLOR_NAME = AccentColor;
				CODE_SIGN_STYLE = Automatic;
				CURRENT_PROJECT_VERSION = 1;
				DEVELOPMENT_ASSET_PATHS = "\"ARMenu/Preview Content\"";
				DEVELOPMENT_TEAM = J2GM3L467Q;
				ENABLE_PREVIEWS = YES;
				GENERATE_INFOPLIST_FILE = YES;
				INFOPLIST_FILE = ARMenu/Info.plist;
				INFOPLIST_KEY_NSCameraUsageDescription = "";
				INFOPLIST_KEY_UIApplicationSupportsIndirectInputEvents = YES;
				INFOPLIST_KEY_UILaunchScreen_Generation = YES;
				INFOPLIST_KEY_UIRequiredDeviceCapabilities = arkit;
				INFOPLIST_KEY_UIStatusBarHidden = YES;
				INFOPLIST_KEY_UISupportedInterfaceOrientations_iPad = "UIInterfaceOrientationPortrait UIInterfaceOrientationPortraitUpsideDown UIInterfaceOrientationLandscapeLeft UIInterfaceOrientationLandscapeRight";
				INFOPLIST_KEY_UISupportedInterfaceOrientations_iPhone = "UIInterfaceOrientationPortrait UIInterfaceOrientationLandscapeLeft UIInterfaceOrientationLandscapeRight";
				LD_RUNPATH_SEARCH_PATHS = (
					"$(inherited)",
					"@executable_path/Frameworks",
				);
				MARKETING_VERSION = 1.0;
				PRODUCT_BUNDLE_IDENTIFIER = com.jeffnawroth.ARMenu;
				PRODUCT_NAME = "$(TARGET_NAME)";
				SWIFT_EMIT_LOC_STRINGS = YES;
				SWIFT_VERSION = 5.0;
				TARGETED_DEVICE_FAMILY = "1,2";
			};
			name = Release;
		};
/* End XCBuildConfiguration section */

/* Begin XCConfigurationList section */
		B26FD1442774CCD100E75FFC /* Build configuration list for PBXProject "ARMenu" */ = {
			isa = XCConfigurationList;
			buildConfigurations = (
				B26FD1572774CCD300E75FFC /* Debug */,
				B26FD1582774CCD300E75FFC /* Release */,
			);
			defaultConfigurationIsVisible = 0;
			defaultConfigurationName = Release;
		};
		B26FD1592774CCD300E75FFC /* Build configuration list for PBXNativeTarget "ARMenu" */ = {
			isa = XCConfigurationList;
			buildConfigurations = (
				B26FD15A2774CCD300E75FFC /* Debug */,
				B26FD15B2774CCD300E75FFC /* Release */,
			);
			defaultConfigurationIsVisible = 0;
			defaultConfigurationName = Release;
		};
/* End XCConfigurationList section */
	};
	rootObject = B26FD1412774CCD100E75FFC /* Project object */;
}
